{
  "originHash" : "40c8ef28cb94d4ed1cba9e9344b04e45ac6a435260e87edf929aab301d7ae712",
  "pins" : [
    {
      "identity" : "empcore",
      "kind" : "remoteSourceControl",
      "location" : "https://github.com/EmpAppsOrg/EmpCore.git",
      "state" : {
        "revision" : "6c261d66f3dcc9fb99da21d23219b9ae8a756e4b",
        "version" : "0.2.0"
      }
    }
  ],
  "version" : 3
}
